// !$*UTF8*$!
{
	archiveVersion = 1;
	classes = {
	};
	objectVersion = 46;
	objects = {

/* Begin PBXBuildFile section */
		DD0F0D1A1B81BCB000E9FDBA /* main.m in Sources */ = {isa = PBXBuildFile; fileRef = DD0F0D191B81BCB000E9FDBA /* main.m */; };
		DD0F0D1D1B81BCB000E9FDBA /* AppDelegate.m in Sources */ = {isa = PBXBuildFile; fileRef = DD0F0D1C1B81BCB000E9FDBA /* AppDelegate.m */; };
		DD0F0D201B81BCB000E9FDBA /* ViewController.m in Sources */ = {isa = PBXBuildFile; fileRef = DD0F0D1F1B81BCB000E9FDBA /* ViewController.m */; };
		DD0F0D231B81BCB000E9FDBA /* Main.storyboard in Resources */ = {isa = PBXBuildFile; fileRef = DD0F0D211B81BCB000E9FDBA /* Main.storyboard */; };
		DD0F0D251B81BCB000E9FDBA /* Images.xcassets in Resources */ = {isa = PBXBuildFile; fileRef = DD0F0D241B81BCB000E9FDBA /* Images.xcassets */; };
		DD0F0D281B81BCB000E9FDBA /* LaunchScreen.xib in Resources */ = {isa = PBXBuildFile; fileRef = DD0F0D261B81BCB000E9FDBA /* LaunchScreen.xib */; };
		DD0F0D341B81BCB100E9FDBA /* RSShareSDKTests.m in Sources */ = {isa = PBXBuildFile; fileRef = DD0F0D331B81BCB100E9FDBA /* RSShareSDKTests.m */; };
		DD0F0D421B81BCFA00E9FDBA /* libWeChatSDK.a in Frameworks */ = {isa = PBXBuildFile; fileRef = DD0F0D3E1B81BCFA00E9FDBA /* libWeChatSDK.a */; };
		DD0F0D431B81BCFA00E9FDBA /* read_me.txt in Resources */ = {isa = PBXBuildFile; fileRef = DD0F0D3F1B81BCFA00E9FDBA /* read_me.txt */; };
		DD0F0D451B81BD2700E9FDBA /* SystemConfiguration.framework in Frameworks */ = {isa = PBXBuildFile; fileRef = DD0F0D441B81BD2700E9FDBA /* SystemConfiguration.framework */; };
		DD0F0D471B81BD3800E9FDBA /* libz.dylib in Frameworks */ = {isa = PBXBuildFile; fileRef = DD0F0D461B81BD3800E9FDBA /* libz.dylib */; };
		DD0F0D491B81BE1100E9FDBA /* libsqlite3.0.dylib in Frameworks */ = {isa = PBXBuildFile; fileRef = DD0F0D481B81BE1100E9FDBA /* libsqlite3.0.dylib */; };
		DD0F0D4B1B81BE2200E9FDBA /* libc++.dylib in Frameworks */ = {isa = PBXBuildFile; fileRef = DD0F0D4A1B81BE2200E9FDBA /* libc++.dylib */; };
		DD0F0FAC1B81D42200E9FDBA /* TencentOpenAPI.framework in Frameworks */ = {isa = PBXBuildFile; fileRef = DD0F0ED71B81D42200E9FDBA /* TencentOpenAPI.framework */; };
		DD0F0FAD1B81D42200E9FDBA /* TencentOpenApi_IOS_Bundle.bundle in Resources */ = {isa = PBXBuildFile; fileRef = DD0F0ED81B81D42200E9FDBA /* TencentOpenApi_IOS_Bundle.bundle */; };
		DD0F0FBB1B81D4AE00E9FDBA /* libiconv.dylib in Frameworks */ = {isa = PBXBuildFile; fileRef = DD0F0FBA1B81D4AE00E9FDBA /* libiconv.dylib */; };
		DD0F0FBD1B81D4BA00E9FDBA /* CoreGraphics.framework in Frameworks */ = {isa = PBXBuildFile; fileRef = DD0F0FBC1B81D4BA00E9FDBA /* CoreGraphics.framework */; };
		DD0F0FBF1B81D4CA00E9FDBA /* CoreTelephony.framework in Frameworks */ = {isa = PBXBuildFile; fileRef = DD0F0FBE1B81D4CA00E9FDBA /* CoreTelephony.framework */; };
		DD0F0FC11B81D4D900E9FDBA /* libstdc++.dylib in Frameworks */ = {isa = PBXBuildFile; fileRef = DD0F0FC01B81D4D900E9FDBA /* libstdc++.dylib */; };
		DD12004D1B82D419005E181B /* libWeiboSDK.a in Frameworks */ = {isa = PBXBuildFile; fileRef = DD1200411B82D419005E181B /* libWeiboSDK.a */; };
		DD12004E1B82D419005E181B /* WeiboSDK.bundle in Resources */ = {isa = PBXBuildFile; fileRef = DD12004A1B82D419005E181B /* WeiboSDK.bundle */; };
		DD1200551B82E071005E181B /* RSShareSDK.m in Sources */ = {isa = PBXBuildFile; fileRef = DD1200541B82E071005E181B /* RSShareSDK.m */; };
		DD1200571B8309A1005E181B /* Security.framework in Frameworks */ = {isa = PBXBuildFile; fileRef = DD1200561B8309A1005E181B /* Security.framework */; };
		DD1200591B830AAD005E181B /* ImageIO.framework in Frameworks */ = {isa = PBXBuildFile; fileRef = DD1200581B830AAD005E181B /* ImageIO.framework */; };
		DD12005B1B830ABE005E181B /* CoreText.framework in Frameworks */ = {isa = PBXBuildFile; fileRef = DD12005A1B830ABE005E181B /* CoreText.framework */; };
		DD12005D1B832448005E181B /* hehe.jpg in Resources */ = {isa = PBXBuildFile; fileRef = DD12005C1B832448005E181B /* hehe.jpg */; };
		DD71946D1B85D4C800C8ADB6 /* RSSharePopupController.m in Sources */ = {isa = PBXBuildFile; fileRef = DD71946C1B85D4C800C8ADB6 /* RSSharePopupController.m */; };
		DD9908201B85799D009D5C4B /* RSShareHttp.m in Sources */ = {isa = PBXBuildFile; fileRef = DD99081F1B85799D009D5C4B /* RSShareHttp.m */; };
		DD9908231B859FDC009D5C4B /* RSShareUser.m in Sources */ = {isa = PBXBuildFile; fileRef = DD9908221B859FDC009D5C4B /* RSShareUser.m */; };
		DDE1647E1B86CAF500C32D8E /* UMS_douban_icon.png in Resources */ = {isa = PBXBuildFile; fileRef = DDE1642C1B86CAF500C32D8E /* UMS_douban_icon.png */; };
		DDE1647F1B86CAF500C32D8E /* UMS_douban_icon@2x.png in Resources */ = {isa = PBXBuildFile; fileRef = DDE1642D1B86CAF500C32D8E /* UMS_douban_icon@2x.png */; };
		DDE164801B86CAF500C32D8E /* UMS_douban_off.png in Resources */ = {isa = PBXBuildFile; fileRef = DDE1642E1B86CAF500C32D8E /* UMS_douban_off.png */; };
		DDE164811B86CAF500C32D8E /* UMS_douban_off@2x.png in Resources */ = {isa = PBXBuildFile; fileRef = DDE1642F1B86CAF500C32D8E /* UMS_douban_off@2x.png */; };
		DDE164821B86CAF500C32D8E /* UMS_douban_on.png in Resources */ = {isa = PBXBuildFile; fileRef = DDE164301B86CAF500C32D8E /* UMS_douban_on.png */; };
		DDE164831B86CAF500C32D8E /* UMS_douban_on@2x.png in Resources */ = {isa = PBXBuildFile; fileRef = DDE164311B86CAF500C32D8E /* UMS_douban_on@2x.png */; };
		DDE164841B86CAF500C32D8E /* UMS_email_icon.png in Resources */ = {isa = PBXBuildFile; fileRef = DDE164321B86CAF500C32D8E /* UMS_email_icon.png */; };
		DDE164851B86CAF500C32D8E /* UMS_email_icon@2x.png in Resources */ = {isa = PBXBuildFile; fileRef = DDE164331B86CAF500C32D8E /* UMS_email_icon@2x.png */; };
		DDE164861B86CAF500C32D8E /* UMS_email_off.png in Resources */ = {isa = PBXBuildFile; fileRef = DDE164341B86CAF500C32D8E /* UMS_email_off.png */; };
		DDE164871B86CAF500C32D8E /* UMS_email_off@2x.png in Resources */ = {isa = PBXBuildFile; fileRef = DDE164351B86CAF500C32D8E /* UMS_email_off@2x.png */; };
		DDE164881B86CAF500C32D8E /* UMS_email_on@2x.png in Resources */ = {isa = PBXBuildFile; fileRef = DDE164361B86CAF500C32D8E /* UMS_email_on@2x.png */; };
		DDE164891B86CAF500C32D8E /* UMS_facebook_icon.png in Resources */ = {isa = PBXBuildFile; fileRef = DDE164371B86CAF500C32D8E /* UMS_facebook_icon.png */; };
		DDE1648A1B86CAF500C32D8E /* UMS_facebook_icon@2x.png in Resources */ = {isa = PBXBuildFile; fileRef = DDE164381B86CAF500C32D8E /* UMS_facebook_icon@2x.png */; };
		DDE1648B1B86CAF500C32D8E /* UMS_facebook_off.png in Resources */ = {isa = PBXBuildFile; fileRef = DDE164391B86CAF500C32D8E /* UMS_facebook_off.png */; };
		DDE1648C1B86CAF500C32D8E /* UMS_facebook_off@2x.png in Resources */ = {isa = PBXBuildFile; fileRef = DDE1643A1B86CAF500C32D8E /* UMS_facebook_off@2x.png */; };
		DDE1648D1B86CAF500C32D8E /* UMS_facebook_on.png in Resources */ = {isa = PBXBuildFile; fileRef = DDE1643B1B86CAF500C32D8E /* UMS_facebook_on.png */; };
		DDE1648E1B86CAF500C32D8E /* UMS_facebook_on@2x.png in Resources */ = {isa = PBXBuildFile; fileRef = DDE1643C1B86CAF500C32D8E /* UMS_facebook_on@2x.png */; };
		DDE1648F1B86CAF500C32D8E /* UMS_instagram.png in Resources */ = {isa = PBXBuildFile; fileRef = DDE1643D1B86CAF500C32D8E /* UMS_instagram.png */; };
		DDE164901B86CAF500C32D8E /* UMS_instagram@2x.png in Resources */ = {isa = PBXBuildFile; fileRef = DDE1643E1B86CAF500C32D8E /* UMS_instagram@2x.png */; };
		DDE164911B86CAF500C32D8E /* UMS_laiwang_session@2x.png in Resources */ = {isa = PBXBuildFile; fileRef = DDE1643F1B86CAF500C32D8E /* UMS_laiwang_session@2x.png */; };
		DDE164921B86CAF500C32D8E /* UMS_laiwang_timeline@2x.png in Resources */ = {isa = PBXBuildFile; fileRef = DDE164401B86CAF500C32D8E /* UMS_laiwang_timeline@2x.png */; };
		DDE164931B86CAF500C32D8E /* UMS_line_icon@2x.png in Resources */ = {isa = PBXBuildFile; fileRef = DDE164411B86CAF500C32D8E /* UMS_line_icon@2x.png */; };
		DDE164941B86CAF500C32D8E /* UMS_qq_icon.png in Resources */ = {isa = PBXBuildFile; fileRef = DDE164421B86CAF500C32D8E /* UMS_qq_icon.png */; };
		DDE164951B86CAF500C32D8E /* UMS_qq_icon@2x.png in Resources */ = {isa = PBXBuildFile; fileRef = DDE164431B86CAF500C32D8E /* UMS_qq_icon@2x.png */; };
		DDE164961B86CAF500C32D8E /* UMS_qq_off.png in Resources */ = {isa = PBXBuildFile; fileRef = DDE164441B86CAF500C32D8E /* UMS_qq_off.png */; };
		DDE164971B86CAF500C32D8E /* UMS_qq_off@2x.png in Resources */ = {isa = PBXBuildFile; fileRef = DDE164451B86CAF500C32D8E /* UMS_qq_off@2x.png */; };
		DDE164981B86CAF500C32D8E /* UMS_qq_on.png in Resources */ = {isa = PBXBuildFile; fileRef = DDE164461B86CAF500C32D8E /* UMS_qq_on.png */; };
		DDE164991B86CAF500C32D8E /* UMS_qq_on@2x.png in Resources */ = {isa = PBXBuildFile; fileRef = DDE164471B86CAF500C32D8E /* UMS_qq_on@2x.png */; };
		DDE1649A1B86CAF500C32D8E /* UMS_qzone_icon.png in Resources */ = {isa = PBXBuildFile; fileRef = DDE164481B86CAF500C32D8E /* UMS_qzone_icon.png */; };
		DDE1649B1B86CAF500C32D8E /* UMS_qzone_icon@2x.png in Resources */ = {isa = PBXBuildFile; fileRef = DDE164491B86CAF500C32D8E /* UMS_qzone_icon@2x.png */; };
		DDE1649C1B86CAF500C32D8E /* UMS_qzone_off.png in Resources */ = {isa = PBXBuildFile; fileRef = DDE1644A1B86CAF500C32D8E /* UMS_qzone_off.png */; };
		DDE1649D1B86CAF500C32D8E /* UMS_qzone_off@2x.png in Resources */ = {isa = PBXBuildFile; fileRef = DDE1644B1B86CAF500C32D8E /* UMS_qzone_off@2x.png */; };
		DDE1649E1B86CAF500C32D8E /* UMS_qzone_on.png in Resources */ = {isa = PBXBuildFile; fileRef = DDE1644C1B86CAF500C32D8E /* UMS_qzone_on.png */; };
		DDE1649F1B86CAF500C32D8E /* UMS_qzone_on@2x.png in Resources */ = {isa = PBXBuildFile; fileRef = DDE1644D1B86CAF500C32D8E /* UMS_qzone_on@2x.png */; };
		DDE164A01B86CAF500C32D8E /* UMS_renren_icon.png in Resources */ = {isa = PBXBuildFile; fileRef = DDE1644E1B86CAF500C32D8E /* UMS_renren_icon.png */; };
		DDE164A11B86CAF500C32D8E /* UMS_renren_icon@2x.png in Resources */ = {isa = PBXBuildFile; fileRef = DDE1644F1B86CAF500C32D8E /* UMS_renren_icon@2x.png */; };
		DDE164A21B86CAF500C32D8E /* UMS_renren_off.png in Resources */ = {isa = PBXBuildFile; fileRef = DDE164501B86CAF500C32D8E /* UMS_renren_off.png */; };
		DDE164A31B86CAF500C32D8E /* UMS_renren_off@2x.png in Resources */ = {isa = PBXBuildFile; fileRef = DDE164511B86CAF500C32D8E /* UMS_renren_off@2x.png */; };
		DDE164A41B86CAF500C32D8E /* UMS_renren_on.png in Resources */ = {isa = PBXBuildFile; fileRef = DDE164521B86CAF500C32D8E /* UMS_renren_on.png */; };
		DDE164A51B86CAF500C32D8E /* UMS_renren_on@2x.png in Resources */ = {isa = PBXBuildFile; fileRef = DDE164531B86CAF500C32D8E /* UMS_renren_on@2x.png */; };
		DDE164A61B86CAF500C32D8E /* UMS_sina_icon.png in Resources */ = {isa = PBXBuildFile; fileRef = DDE164541B86CAF500C32D8E /* UMS_sina_icon.png */; };
		DDE164A71B86CAF500C32D8E /* UMS_sina_icon@2x.png in Resources */ = {isa = PBXBuildFile; fileRef = DDE164551B86CAF500C32D8E /* UMS_sina_icon@2x.png */; };
		DDE164A81B86CAF500C32D8E /* UMS_sina_off.png in Resources */ = {isa = PBXBuildFile; fileRef = DDE164561B86CAF500C32D8E /* UMS_sina_off.png */; };
		DDE164A91B86CAF500C32D8E /* UMS_sina_off@2x.png in Resources */ = {isa = PBXBuildFile; fileRef = DDE164571B86CAF500C32D8E /* UMS_sina_off@2x.png */; };
		DDE164AA1B86CAF500C32D8E /* UMS_sina_on.png in Resources */ = {isa = PBXBuildFile; fileRef = DDE164581B86CAF500C32D8E /* UMS_sina_on.png */; };
		DDE164AB1B86CAF500C32D8E /* UMS_sina_on@2x.png in Resources */ = {isa = PBXBuildFile; fileRef = DDE164591B86CAF500C32D8E /* UMS_sina_on@2x.png */; };
		DDE164AC1B86CAF500C32D8E /* UMS_sms_icon.png in Resources */ = {isa = PBXBuildFile; fileRef = DDE1645A1B86CAF500C32D8E /* UMS_sms_icon.png */; };
		DDE164AD1B86CAF500C32D8E /* UMS_sms_icon@2x.png in Resources */ = {isa = PBXBuildFile; fileRef = DDE1645B1B86CAF500C32D8E /* UMS_sms_icon@2x.png */; };
		DDE164AE1B86CAF500C32D8E /* UMS_sms_off.png in Resources */ = {isa = PBXBuildFile; fileRef = DDE1645C1B86CAF500C32D8E /* UMS_sms_off.png */; };
		DDE164AF1B86CAF500C32D8E /* UMS_sms_off@2x.png in Resources */ = {isa = PBXBuildFile; fileRef = DDE1645D1B86CAF500C32D8E /* UMS_sms_off@2x.png */; };
		DDE164B01B86CAF500C32D8E /* UMS_sms_on@2x.png in Resources */ = {isa = PBXBuildFile; fileRef = DDE1645E1B86CAF500C32D8E /* UMS_sms_on@2x.png */; };
		DDE164B11B86CAF500C32D8E /* UMS_tencent_icon.png in Resources */ = {isa = PBXBuildFile; fileRef = DDE1645F1B86CAF500C32D8E /* UMS_tencent_icon.png */; };
		DDE164B21B86CAF500C32D8E /* UMS_tencent_icon@2x.png in Resources */ = {isa = PBXBuildFile; fileRef = DDE164601B86CAF500C32D8E /* UMS_tencent_icon@2x.png */; };
		DDE164B31B86CAF500C32D8E /* UMS_tencent_off.png in Resources */ = {isa = PBXBuildFile; fileRef = DDE164611B86CAF500C32D8E /* UMS_tencent_off.png */; };
		DDE164B41B86CAF500C32D8E /* UMS_tencent_off@2x.png in Resources */ = {isa = PBXBuildFile; fileRef = DDE164621B86CAF500C32D8E /* UMS_tencent_off@2x.png */; };
		DDE164B51B86CAF500C32D8E /* UMS_tencent_on.png in Resources */ = {isa = PBXBuildFile; fileRef = DDE164631B86CAF500C32D8E /* UMS_tencent_on.png */; };
		DDE164B61B86CAF500C32D8E /* UMS_tencent_on@2x.png in Resources */ = {isa = PBXBuildFile; fileRef = DDE164641B86CAF500C32D8E /* UMS_tencent_on@2x.png */; };
		DDE164B71B86CAF500C32D8E /* UMS_tumblr_icon@2x.png in Resources */ = {isa = PBXBuildFile; fileRef = DDE164651B86CAF500C32D8E /* UMS_tumblr_icon@2x.png */; };
		DDE164B81B86CAF500C32D8E /* UMS_twitter_icon.png in Resources */ = {isa = PBXBuildFile; fileRef = DDE164661B86CAF500C32D8E /* UMS_twitter_icon.png */; };
		DDE164B91B86CAF500C32D8E /* UMS_twitter_icon@2x.png in Resources */ = {isa = PBXBuildFile; fileRef = DDE164671B86CAF500C32D8E /* UMS_twitter_icon@2x.png */; };
		DDE164BA1B86CAF500C32D8E /* UMS_twitter_off.png in Resources */ = {isa = PBXBuildFile; fileRef = DDE164681B86CAF500C32D8E /* UMS_twitter_off.png */; };
		DDE164BB1B86CAF500C32D8E /* UMS_twitter_off@2x.png in Resources */ = {isa = PBXBuildFile; fileRef = DDE164691B86CAF500C32D8E /* UMS_twitter_off@2x.png */; };
		DDE164BC1B86CAF500C32D8E /* UMS_twitter_on.png in Resources */ = {isa = PBXBuildFile; fileRef = DDE1646A1B86CAF500C32D8E /* UMS_twitter_on.png */; };
		DDE164BD1B86CAF500C32D8E /* UMS_twitter_on@2x.png in Resources */ = {isa = PBXBuildFile; fileRef = DDE1646B1B86CAF500C32D8E /* UMS_twitter_on@2x.png */; };
		DDE164BE1B86CAF500C32D8E /* UMS_wechat_favorite_icon.png in Resources */ = {isa = PBXBuildFile; fileRef = DDE1646C1B86CAF500C32D8E /* UMS_wechat_favorite_icon.png */; };
		DDE164BF1B86CAF500C32D8E /* UMS_wechat_favorite_icon@2x.png in Resources */ = {isa = PBXBuildFile; fileRef = DDE1646D1B86CAF500C32D8E /* UMS_wechat_favorite_icon@2x.png */; };
		DDE164C01B86CAF500C32D8E /* UMS_wechat_icon.png in Resources */ = {isa = PBXBuildFile; fileRef = DDE1646E1B86CAF500C32D8E /* UMS_wechat_icon.png */; };
		DDE164C11B86CAF500C32D8E /* UMS_wechat_icon@2x.png in Resources */ = {isa = PBXBuildFile; fileRef = DDE1646F1B86CAF500C32D8E /* UMS_wechat_icon@2x.png */; };
		DDE164C21B86CAF500C32D8E /* UMS_wechat_off.png in Resources */ = {isa = PBXBuildFile; fileRef = DDE164701B86CAF500C32D8E /* UMS_wechat_off.png */; };
		DDE164C31B86CAF500C32D8E /* UMS_wechat_off@2x.png in Resources */ = {isa = PBXBuildFile; fileRef = DDE164711B86CAF500C32D8E /* UMS_wechat_off@2x.png */; };
		DDE164C41B86CAF500C32D8E /* UMS_wechat_on@2x.png in Resources */ = {isa = PBXBuildFile; fileRef = DDE164721B86CAF500C32D8E /* UMS_wechat_on@2x.png */; };
		DDE164C51B86CAF500C32D8E /* UMS_wechat_session_icon.png in Resources */ = {isa = PBXBuildFile; fileRef = DDE164731B86CAF500C32D8E /* UMS_wechat_session_icon.png */; };
		DDE164C61B86CAF500C32D8E /* UMS_wechat_session_icon@2x.png in Resources */ = {isa = PBXBuildFile; fileRef = DDE164741B86CAF500C32D8E /* UMS_wechat_session_icon@2x.png */; };
		DDE164C71B86CAF500C32D8E /* UMS_wechat_timeline_icon.png in Resources */ = {isa = PBXBuildFile; fileRef = DDE164751B86CAF500C32D8E /* UMS_wechat_timeline_icon.png */; };
		DDE164C81B86CAF500C32D8E /* UMS_wechat_timeline_icon@2x.png in Resources */ = {isa = PBXBuildFile; fileRef = DDE164761B86CAF500C32D8E /* UMS_wechat_timeline_icon@2x.png */; };
		DDE164C91B86CAF500C32D8E /* UMS_wechat_timeline_off.png in Resources */ = {isa = PBXBuildFile; fileRef = DDE164771B86CAF500C32D8E /* UMS_wechat_timeline_off.png */; };
		DDE164CA1B86CAF500C32D8E /* UMS_wechat_timeline_off@2x.png in Resources */ = {isa = PBXBuildFile; fileRef = DDE164781B86CAF500C32D8E /* UMS_wechat_timeline_off@2x.png */; };
		DDE164CB1B86CAF500C32D8E /* UMS_wechat_timeline_on.png in Resources */ = {isa = PBXBuildFile; fileRef = DDE164791B86CAF500C32D8E /* UMS_wechat_timeline_on.png */; };
		DDE164CC1B86CAF500C32D8E /* UMS_wechat_timeline_on@2x.png in Resources */ = {isa = PBXBuildFile; fileRef = DDE1647A1B86CAF500C32D8E /* UMS_wechat_timeline_on@2x.png */; };
		DDE164CD1B86CAF500C32D8E /* UMS_whatsapp_icon@2x.png in Resources */ = {isa = PBXBuildFile; fileRef = DDE1647B1B86CAF500C32D8E /* UMS_whatsapp_icon@2x.png */; };
		DDE164CE1B86CAF500C32D8E /* UMS_yixin_session@2x.png in Resources */ = {isa = PBXBuildFile; fileRef = DDE1647C1B86CAF500C32D8E /* UMS_yixin_session@2x.png */; };
		DDE164CF1B86CAF500C32D8E /* UMS_yixin_timeline@2x.png in Resources */ = {isa = PBXBuildFile; fileRef = DDE1647D1B86CAF500C32D8E /* UMS_yixin_timeline@2x.png */; };
/* End PBXBuildFile section */

/* Begin PBXContainerItemProxy section */
		DD0F0D2E1B81BCB100E9FDBA /* PBXContainerItemProxy */ = {
			isa = PBXContainerItemProxy;
			containerPortal = DD0F0D0C1B81BCB000E9FDBA /* Project object */;
			proxyType = 1;
			remoteGlobalIDString = DD0F0D131B81BCB000E9FDBA;
			remoteInfo = RSShareSDK;
		};
/* End PBXContainerItemProxy section */

/* Begin PBXFileReference section */
		DD0F0D141B81BCB000E9FDBA /* RSShareSDK.app */ = {isa = PBXFileReference; explicitFileType = wrapper.application; includeInIndex = 0; path = RSShareSDK.app; sourceTree = BUILT_PRODUCTS_DIR; };
		DD0F0D181B81BCB000E9FDBA /* Info.plist */ = {isa = PBXFileReference; lastKnownFileType = text.plist.xml; path = Info.plist; sourceTree = "<group>"; };
		DD0F0D191B81BCB000E9FDBA /* main.m */ = {isa = PBXFileReference; lastKnownFileType = sourcecode.c.objc; path = main.m; sourceTree = "<group>"; };
		DD0F0D1B1B81BCB000E9FDBA /* AppDelegate.h */ = {isa = PBXFileReference; lastKnownFileType = sourcecode.c.h; path = AppDelegate.h; sourceTree = "<group>"; };
		DD0F0D1C1B81BCB000E9FDBA /* AppDelegate.m */ = {isa = PBXFileReference; lastKnownFileType = sourcecode.c.objc; path = AppDelegate.m; sourceTree = "<group>"; };
		DD0F0D1E1B81BCB000E9FDBA /* ViewController.h */ = {isa = PBXFileReference; lastKnownFileType = sourcecode.c.h; path = ViewController.h; sourceTree = "<group>"; };
		DD0F0D1F1B81BCB000E9FDBA /* ViewController.m */ = {isa = PBXFileReference; lastKnownFileType = sourcecode.c.objc; path = ViewController.m; sourceTree = "<group>"; };
		DD0F0D221B81BCB000E9FDBA /* Base */ = {isa = PBXFileReference; lastKnownFileType = file.storyboard; name = Base; path = Base.lproj/Main.storyboard; sourceTree = "<group>"; };
		DD0F0D241B81BCB000E9FDBA /* Images.xcassets */ = {isa = PBXFileReference; lastKnownFileType = folder.assetcatalog; path = Images.xcassets; sourceTree = "<group>"; };
		DD0F0D271B81BCB000E9FDBA /* Base */ = {isa = PBXFileReference; lastKnownFileType = file.xib; name = Base; path = Base.lproj/LaunchScreen.xib; sourceTree = "<group>"; };
		DD0F0D2D1B81BCB100E9FDBA /* RSShareSDKTests.xctest */ = {isa = PBXFileReference; explicitFileType = wrapper.cfbundle; includeInIndex = 0; path = RSShareSDKTests.xctest; sourceTree = BUILT_PRODUCTS_DIR; };
		DD0F0D321B81BCB100E9FDBA /* Info.plist */ = {isa = PBXFileReference; lastKnownFileType = text.plist.xml; path = Info.plist; sourceTree = "<group>"; };
		DD0F0D331B81BCB100E9FDBA /* RSShareSDKTests.m */ = {isa = PBXFileReference; lastKnownFileType = sourcecode.c.objc; path = RSShareSDKTests.m; sourceTree = "<group>"; };
		DD0F0D3E1B81BCFA00E9FDBA /* libWeChatSDK.a */ = {isa = PBXFileReference; lastKnownFileType = archive.ar; path = libWeChatSDK.a; sourceTree = "<group>"; };
		DD0F0D3F1B81BCFA00E9FDBA /* read_me.txt */ = {isa = PBXFileReference; fileEncoding = 4; lastKnownFileType = text; path = read_me.txt; sourceTree = "<group>"; };
		DD0F0D401B81BCFA00E9FDBA /* WXApi.h */ = {isa = PBXFileReference; fileEncoding = 4; lastKnownFileType = sourcecode.c.h; path = WXApi.h; sourceTree = "<group>"; };
		DD0F0D411B81BCFA00E9FDBA /* WXApiObject.h */ = {isa = PBXFileReference; fileEncoding = 4; lastKnownFileType = sourcecode.c.h; path = WXApiObject.h; sourceTree = "<group>"; };
		DD0F0D441B81BD2700E9FDBA /* SystemConfiguration.framework */ = {isa = PBXFileReference; lastKnownFileType = wrapper.framework; name = SystemConfiguration.framework; path = System/Library/Frameworks/SystemConfiguration.framework; sourceTree = SDKROOT; };
		DD0F0D461B81BD3800E9FDBA /* libz.dylib */ = {isa = PBXFileReference; lastKnownFileType = "compiled.mach-o.dylib"; name = libz.dylib; path = usr/lib/libz.dylib; sourceTree = SDKROOT; };
		DD0F0D481B81BE1100E9FDBA /* libsqlite3.0.dylib */ = {isa = PBXFileReference; lastKnownFileType = "compiled.mach-o.dylib"; name = libsqlite3.0.dylib; path = usr/lib/libsqlite3.0.dylib; sourceTree = SDKROOT; };
		DD0F0D4A1B81BE2200E9FDBA /* libc++.dylib */ = {isa = PBXFileReference; lastKnownFileType = "compiled.mach-o.dylib"; name = "libc++.dylib"; path = "usr/lib/libc++.dylib"; sourceTree = SDKROOT; };
		DD0F0ED71B81D42200E9FDBA /* TencentOpenAPI.framework */ = {isa = PBXFileReference; lastKnownFileType = wrapper.framework; path = TencentOpenAPI.framework; sourceTree = "<group>"; };
		DD0F0ED81B81D42200E9FDBA /* TencentOpenApi_IOS_Bundle.bundle */ = {isa = PBXFileReference; lastKnownFileType = "wrapper.plug-in"; path = TencentOpenApi_IOS_Bundle.bundle; sourceTree = "<group>"; };
		DD0F0FBA1B81D4AE00E9FDBA /* libiconv.dylib */ = {isa = PBXFileReference; lastKnownFileType = "compiled.mach-o.dylib"; name = libiconv.dylib; path = usr/lib/libiconv.dylib; sourceTree = SDKROOT; };
		DD0F0FBC1B81D4BA00E9FDBA /* CoreGraphics.framework */ = {isa = PBXFileReference; lastKnownFileType = wrapper.framework; name = CoreGraphics.framework; path = System/Library/Frameworks/CoreGraphics.framework; sourceTree = SDKROOT; };
		DD0F0FBE1B81D4CA00E9FDBA /* CoreTelephony.framework */ = {isa = PBXFileReference; lastKnownFileType = wrapper.framework; name = CoreTelephony.framework; path = System/Library/Frameworks/CoreTelephony.framework; sourceTree = SDKROOT; };
		DD0F0FC01B81D4D900E9FDBA /* libstdc++.dylib */ = {isa = PBXFileReference; lastKnownFileType = "compiled.mach-o.dylib"; name = "libstdc++.dylib"; path = "usr/lib/libstdc++.dylib"; sourceTree = SDKROOT; };
		DD1200411B82D419005E181B /* libWeiboSDK.a */ = {isa = PBXFileReference; lastKnownFileType = archive.ar; path = libWeiboSDK.a; sourceTree = "<group>"; };
		DD1200421B82D419005E181B /* WBHttpRequest+WeiboGame.h */ = {isa = PBXFileReference; fileEncoding = 4; lastKnownFileType = sourcecode.c.h; path = "WBHttpRequest+WeiboGame.h"; sourceTree = "<group>"; };
		DD1200431B82D419005E181B /* WBHttpRequest+WeiboShare.h */ = {isa = PBXFileReference; fileEncoding = 4; lastKnownFileType = sourcecode.c.h; path = "WBHttpRequest+WeiboShare.h"; sourceTree = "<group>"; };
		DD1200441B82D419005E181B /* WBHttpRequest+WeiboToken.h */ = {isa = PBXFileReference; fileEncoding = 4; lastKnownFileType = sourcecode.c.h; path = "WBHttpRequest+WeiboToken.h"; sourceTree = "<group>"; };
		DD1200451B82D419005E181B /* WBHttpRequest+WeiboUser.h */ = {isa = PBXFileReference; fileEncoding = 4; lastKnownFileType = sourcecode.c.h; path = "WBHttpRequest+WeiboUser.h"; sourceTree = "<group>"; };
		DD1200461B82D419005E181B /* WBHttpRequest.h */ = {isa = PBXFileReference; fileEncoding = 4; lastKnownFileType = sourcecode.c.h; path = WBHttpRequest.h; sourceTree = "<group>"; };
		DD1200471B82D419005E181B /* WBSDKBasicButton.h */ = {isa = PBXFileReference; fileEncoding = 4; lastKnownFileType = sourcecode.c.h; path = WBSDKBasicButton.h; sourceTree = "<group>"; };
		DD1200481B82D419005E181B /* WBSDKCommentButton.h */ = {isa = PBXFileReference; fileEncoding = 4; lastKnownFileType = sourcecode.c.h; path = WBSDKCommentButton.h; sourceTree = "<group>"; };
		DD1200491B82D419005E181B /* WBSDKRelationshipButton.h */ = {isa = PBXFileReference; fileEncoding = 4; lastKnownFileType = sourcecode.c.h; path = WBSDKRelationshipButton.h; sourceTree = "<group>"; };
		DD12004A1B82D419005E181B /* WeiboSDK.bundle */ = {isa = PBXFileReference; lastKnownFileType = "wrapper.plug-in"; path = WeiboSDK.bundle; sourceTree = "<group>"; };
		DD12004B1B82D419005E181B /* WeiboSDK.h */ = {isa = PBXFileReference; fileEncoding = 4; lastKnownFileType = sourcecode.c.h; path = WeiboSDK.h; sourceTree = "<group>"; };
		DD12004C1B82D419005E181B /* WeiboUser.h */ = {isa = PBXFileReference; fileEncoding = 4; lastKnownFileType = sourcecode.c.h; path = WeiboUser.h; sourceTree = "<group>"; };
		DD1200501B82DDFE005E181B /* RSShareSDKDefine.h */ = {isa = PBXFileReference; fileEncoding = 4; lastKnownFileType = sourcecode.c.h; path = RSShareSDKDefine.h; sourceTree = "<group>"; };
		DD1200531B82E071005E181B /* RSShareSDK.h */ = {isa = PBXFileReference; fileEncoding = 4; lastKnownFileType = sourcecode.c.h; path = RSShareSDK.h; sourceTree = "<group>"; };
		DD1200541B82E071005E181B /* RSShareSDK.m */ = {isa = PBXFileReference; fileEncoding = 4; lastKnownFileType = sourcecode.c.objc; path = RSShareSDK.m; sourceTree = "<group>"; };
		DD1200561B8309A1005E181B /* Security.framework */ = {isa = PBXFileReference; lastKnownFileType = wrapper.framework; name = Security.framework; path = System/Library/Frameworks/Security.framework; sourceTree = SDKROOT; };
		DD1200581B830AAD005E181B /* ImageIO.framework */ = {isa = PBXFileReference; lastKnownFileType = wrapper.framework; name = ImageIO.framework; path = System/Library/Frameworks/ImageIO.framework; sourceTree = SDKROOT; };
		DD12005A1B830ABE005E181B /* CoreText.framework */ = {isa = PBXFileReference; lastKnownFileType = wrapper.framework; name = CoreText.framework; path = System/Library/Frameworks/CoreText.framework; sourceTree = SDKROOT; };
		DD12005C1B832448005E181B /* hehe.jpg */ = {isa = PBXFileReference; lastKnownFileType = image.jpeg; path = hehe.jpg; sourceTree = "<group>"; };
		DD71946B1B85D4C800C8ADB6 /* RSSharePopupController.h */ = {isa = PBXFileReference; fileEncoding = 4; lastKnownFileType = sourcecode.c.h; path = RSSharePopupController.h; sourceTree = "<group>"; };
		DD71946C1B85D4C800C8ADB6 /* RSSharePopupController.m */ = {isa = PBXFileReference; fileEncoding = 4; lastKnownFileType = sourcecode.c.objc; path = RSSharePopupController.m; sourceTree = "<group>"; };
		DD99081E1B85799D009D5C4B /* RSShareHttp.h */ = {isa = PBXFileReference; fileEncoding = 4; lastKnownFileType = sourcecode.c.h; path = RSShareHttp.h; sourceTree = "<group>"; };
		DD99081F1B85799D009D5C4B /* RSShareHttp.m */ = {isa = PBXFileReference; fileEncoding = 4; lastKnownFileType = sourcecode.c.objc; path = RSShareHttp.m; sourceTree = "<group>"; };
		DD9908211B859FDC009D5C4B /* RSShareUser.h */ = {isa = PBXFileReference; fileEncoding = 4; lastKnownFileType = sourcecode.c.h; path = RSShareUser.h; sourceTree = "<group>"; };
		DD9908221B859FDC009D5C4B /* RSShareUser.m */ = {isa = PBXFileReference; fileEncoding = 4; lastKnownFileType = sourcecode.c.objc; path = RSShareUser.m; sourceTree = "<group>"; };
		DDE1642C1B86CAF500C32D8E /* UMS_douban_icon.png */ = {isa = PBXFileReference; lastKnownFileType = image.png; path = UMS_douban_icon.png; sourceTree = "<group>"; };
		DDE1642D1B86CAF500C32D8E /* UMS_douban_icon@2x.png */ = {isa = PBXFileReference; lastKnownFileType = image.png; path = "UMS_douban_icon@2x.png"; sourceTree = "<group>"; };
		DDE1642E1B86CAF500C32D8E /* UMS_douban_off.png */ = {isa = PBXFileReference; lastKnownFileType = image.png; path = UMS_douban_off.png; sourceTree = "<group>"; };
		DDE1642F1B86CAF500C32D8E /* UMS_douban_off@2x.png */ = {isa = PBXFileReference; lastKnownFileType = image.png; path = "UMS_douban_off@2x.png"; sourceTree = "<group>"; };
		DDE164301B86CAF500C32D8E /* UMS_douban_on.png */ = {isa = PBXFileReference; lastKnownFileType = image.png; path = UMS_douban_on.png; sourceTree = "<group>"; };
		DDE164311B86CAF500C32D8E /* UMS_douban_on@2x.png */ = {isa = PBXFileReference; lastKnownFileType = image.png; path = "UMS_douban_on@2x.png"; sourceTree = "<group>"; };
		DDE164321B86CAF500C32D8E /* UMS_email_icon.png */ = {isa = PBXFileReference; lastKnownFileType = image.png; path = UMS_email_icon.png; sourceTree = "<group>"; };
		DDE164331B86CAF500C32D8E /* UMS_email_icon@2x.png */ = {isa = PBXFileReference; lastKnownFileType = image.png; path = "UMS_email_icon@2x.png"; sourceTree = "<group>"; };
		DDE164341B86CAF500C32D8E /* UMS_email_off.png */ = {isa = PBXFileReference; lastKnownFileType = image.png; path = UMS_email_off.png; sourceTree = "<group>"; };
		DDE164351B86CAF500C32D8E /* UMS_email_off@2x.png */ = {isa = PBXFileReference; lastKnownFileType = image.png; path = "UMS_email_off@2x.png"; sourceTree = "<group>"; };
		DDE164361B86CAF500C32D8E /* UMS_email_on@2x.png */ = {isa = PBXFileReference; lastKnownFileType = image.png; path = "UMS_email_on@2x.png"; sourceTree = "<group>"; };
		DDE164371B86CAF500C32D8E /* UMS_facebook_icon.png */ = {isa = PBXFileReference; lastKnownFileType = image.png; path = UMS_facebook_icon.png; sourceTree = "<group>"; };
		DDE164381B86CAF500C32D8E /* UMS_facebook_icon@2x.png */ = {isa = PBXFileReference; lastKnownFileType = image.png; path = "UMS_facebook_icon@2x.png"; sourceTree = "<group>"; };
		DDE164391B86CAF500C32D8E /* UMS_facebook_off.png */ = {isa = PBXFileReference; lastKnownFileType = image.png; path = UMS_facebook_off.png; sourceTree = "<group>"; };
		DDE1643A1B86CAF500C32D8E /* UMS_facebook_off@2x.png */ = {isa = PBXFileReference; lastKnownFileType = image.png; path = "UMS_facebook_off@2x.png"; sourceTree = "<group>"; };
		DDE1643B1B86CAF500C32D8E /* UMS_facebook_on.png */ = {isa = PBXFileReference; lastKnownFileType = image.png; path = UMS_facebook_on.png; sourceTree = "<group>"; };
		DDE1643C1B86CAF500C32D8E /* UMS_facebook_on@2x.png */ = {isa = PBXFileReference; lastKnownFileType = image.png; path = "UMS_facebook_on@2x.png"; sourceTree = "<group>"; };
		DDE1643D1B86CAF500C32D8E /* UMS_instagram.png */ = {isa = PBXFileReference; lastKnownFileType = image.png; path = UMS_instagram.png; sourceTree = "<group>"; };
		DDE1643E1B86CAF500C32D8E /* UMS_instagram@2x.png */ = {isa = PBXFileReference; lastKnownFileType = image.png; path = "UMS_instagram@2x.png"; sourceTree = "<group>"; };
		DDE1643F1B86CAF500C32D8E /* UMS_laiwang_session@2x.png */ = {isa = PBXFileReference; lastKnownFileType = image.png; path = "UMS_laiwang_session@2x.png"; sourceTree = "<group>"; };
		DDE164401B86CAF500C32D8E /* UMS_laiwang_timeline@2x.png */ = {isa = PBXFileReference; lastKnownFileType = image.png; path = "UMS_laiwang_timeline@2x.png"; sourceTree = "<group>"; };
		DDE164411B86CAF500C32D8E /* UMS_line_icon@2x.png */ = {isa = PBXFileReference; lastKnownFileType = image.png; path = "UMS_line_icon@2x.png"; sourceTree = "<group>"; };
		DDE164421B86CAF500C32D8E /* UMS_qq_icon.png */ = {isa = PBXFileReference; lastKnownFileType = image.png; path = UMS_qq_icon.png; sourceTree = "<group>"; };
		DDE164431B86CAF500C32D8E /* UMS_qq_icon@2x.png */ = {isa = PBXFileReference; lastKnownFileType = image.png; path = "UMS_qq_icon@2x.png"; sourceTree = "<group>"; };
		DDE164441B86CAF500C32D8E /* UMS_qq_off.png */ = {isa = PBXFileReference; lastKnownFileType = image.png; path = UMS_qq_off.png; sourceTree = "<group>"; };
		DDE164451B86CAF500C32D8E /* UMS_qq_off@2x.png */ = {isa = PBXFileReference; lastKnownFileType = image.png; path = "UMS_qq_off@2x.png"; sourceTree = "<group>"; };
		DDE164461B86CAF500C32D8E /* UMS_qq_on.png */ = {isa = PBXFileReference; lastKnownFileType = image.png; path = UMS_qq_on.png; sourceTree = "<group>"; };
		DDE164471B86CAF500C32D8E /* UMS_qq_on@2x.png */ = {isa = PBXFileReference; lastKnownFileType = image.png; path = "UMS_qq_on@2x.png"; sourceTree = "<group>"; };
		DDE164481B86CAF500C32D8E /* UMS_qzone_icon.png */ = {isa = PBXFileReference; lastKnownFileType = image.png; path = UMS_qzone_icon.png; sourceTree = "<group>"; };
		DDE164491B86CAF500C32D8E /* UMS_qzone_icon@2x.png */ = {isa = PBXFileReference; lastKnownFileType = image.png; path = "UMS_qzone_icon@2x.png"; sourceTree = "<group>"; };
		DDE1644A1B86CAF500C32D8E /* UMS_qzone_off.png */ = {isa = PBXFileReference; lastKnownFileType = image.png; path = UMS_qzone_off.png; sourceTree = "<group>"; };
		DDE1644B1B86CAF500C32D8E /* UMS_qzone_off@2x.png */ = {isa = PBXFileReference; lastKnownFileType = image.png; path = "UMS_qzone_off@2x.png"; sourceTree = "<group>"; };
		DDE1644C1B86CAF500C32D8E /* UMS_qzone_on.png */ = {isa = PBXFileReference; lastKnownFileType = image.png; path = UMS_qzone_on.png; sourceTree = "<group>"; };
		DDE1644D1B86CAF500C32D8E /* UMS_qzone_on@2x.png */ = {isa = PBXFileReference; lastKnownFileType = image.png; path = "UMS_qzone_on@2x.png"; sourceTree = "<group>"; };
		DDE1644E1B86CAF500C32D8E /* UMS_renren_icon.png */ = {isa = PBXFileReference; lastKnownFileType = image.png; path = UMS_renren_icon.png; sourceTree = "<group>"; };
		DDE1644F1B86CAF500C32D8E /* UMS_renren_icon@2x.png */ = {isa = PBXFileReference; lastKnownFileType = image.png; path = "UMS_renren_icon@2x.png"; sourceTree = "<group>"; };
		DDE164501B86CAF500C32D8E /* UMS_renren_off.png */ = {isa = PBXFileReference; lastKnownFileType = image.png; path = UMS_renren_off.png; sourceTree = "<group>"; };
		DDE164511B86CAF500C32D8E /* UMS_renren_off@2x.png */ = {isa = PBXFileReference; lastKnownFileType = image.png; path = "UMS_renren_off@2x.png"; sourceTree = "<group>"; };
		DDE164521B86CAF500C32D8E /* UMS_renren_on.png */ = {isa = PBXFileReference; lastKnownFileType = image.png; path = UMS_renren_on.png; sourceTree = "<group>"; };
		DDE164531B86CAF500C32D8E /* UMS_renren_on@2x.png */ = {isa = PBXFileReference; lastKnownFileType = image.png; path = "UMS_renren_on@2x.png"; sourceTree = "<group>"; };
		DDE164541B86CAF500C32D8E /* UMS_sina_icon.png */ = {isa = PBXFileReference; lastKnownFileType = image.png; path = UMS_sina_icon.png; sourceTree = "<group>"; };
		DDE164551B86CAF500C32D8E /* UMS_sina_icon@2x.png */ = {isa = PBXFileReference; lastKnownFileType = image.png; path = "UMS_sina_icon@2x.png"; sourceTree = "<group>"; };
		DDE164561B86CAF500C32D8E /* UMS_sina_off.png */ = {isa = PBXFileReference; lastKnownFileType = image.png; path = UMS_sina_off.png; sourceTree = "<group>"; };
		DDE164571B86CAF500C32D8E /* UMS_sina_off@2x.png */ = {isa = PBXFileReference; lastKnownFileType = image.png; path = "UMS_sina_off@2x.png"; sourceTree = "<group>"; };
		DDE164581B86CAF500C32D8E /* UMS_sina_on.png */ = {isa = PBXFileReference; lastKnownFileType = image.png; path = UMS_sina_on.png; sourceTree = "<group>"; };
		DDE164591B86CAF500C32D8E /* UMS_sina_on@2x.png */ = {isa = PBXFileReference; lastKnownFileType = image.png; path = "UMS_sina_on@2x.png"; sourceTree = "<group>"; };
		DDE1645A1B86CAF500C32D8E /* UMS_sms_icon.png */ = {isa = PBXFileReference; lastKnownFileType = image.png; path = UMS_sms_icon.png; sourceTree = "<group>"; };
		DDE1645B1B86CAF500C32D8E /* UMS_sms_icon@2x.png */ = {isa = PBXFileReference; lastKnownFileType = image.png; path = "UMS_sms_icon@2x.png"; sourceTree = "<group>"; };
		DDE1645C1B86CAF500C32D8E /* UMS_sms_off.png */ = {isa = PBXFileReference; lastKnownFileType = image.png; path = UMS_sms_off.png; sourceTree = "<group>"; };
		DDE1645D1B86CAF500C32D8E /* UMS_sms_off@2x.png */ = {isa = PBXFileReference; lastKnownFileType = image.png; path = "UMS_sms_off@2x.png"; sourceTree = "<group>"; };
		DDE1645E1B86CAF500C32D8E /* UMS_sms_on@2x.png */ = {isa = PBXFileReference; lastKnownFileType = image.png; path = "UMS_sms_on@2x.png"; sourceTree = "<group>"; };
		DDE1645F1B86CAF500C32D8E /* UMS_tencent_icon.png */ = {isa = PBXFileReference; lastKnownFileType = image.png; path = UMS_tencent_icon.png; sourceTree = "<group>"; };
		DDE164601B86CAF500C32D8E /* UMS_tencent_icon@2x.png */ = {isa = PBXFileReference; lastKnownFileType = image.png; path = "UMS_tencent_icon@2x.png"; sourceTree = "<group>"; };
		DDE164611B86CAF500C32D8E /* UMS_tencent_off.png */ = {isa = PBXFileReference; lastKnownFileType = image.png; path = UMS_tencent_off.png; sourceTree = "<group>"; };
		DDE164621B86CAF500C32D8E /* UMS_tencent_off@2x.png */ = {isa = PBXFileReference; lastKnownFileType = image.png; path = "UMS_tencent_off@2x.png"; sourceTree = "<group>"; };
		DDE164631B86CAF500C32D8E /* UMS_tencent_on.png */ = {isa = PBXFileReference; lastKnownFileType = image.png; path = UMS_tencent_on.png; sourceTree = "<group>"; };
		DDE164641B86CAF500C32D8E /* UMS_tencent_on@2x.png */ = {isa = PBXFileReference; lastKnownFileType = image.png; path = "UMS_tencent_on@2x.png"; sourceTree = "<group>"; };
		DDE164651B86CAF500C32D8E /* UMS_tumblr_icon@2x.png */ = {isa = PBXFileReference; lastKnownFileType = image.png; path = "UMS_tumblr_icon@2x.png"; sourceTree = "<group>"; };
		DDE164661B86CAF500C32D8E /* UMS_twitter_icon.png */ = {isa = PBXFileReference; lastKnownFileType = image.png; path = UMS_twitter_icon.png; sourceTree = "<group>"; };
		DDE164671B86CAF500C32D8E /* UMS_twitter_icon@2x.png */ = {isa = PBXFileReference; lastKnownFileType = image.png; path = "UMS_twitter_icon@2x.png"; sourceTree = "<group>"; };
		DDE164681B86CAF500C32D8E /* UMS_twitter_off.png */ = {isa = PBXFileReference; lastKnownFileType = image.png; path = UMS_twitter_off.png; sourceTree = "<group>"; };
		DDE164691B86CAF500C32D8E /* UMS_twitter_off@2x.png */ = {isa = PBXFileReference; lastKnownFileType = image.png; path = "UMS_twitter_off@2x.png"; sourceTree = "<group>"; };
		DDE1646A1B86CAF500C32D8E /* UMS_twitter_on.png */ = {isa = PBXFileReference; lastKnownFileType = image.png; path = UMS_twitter_on.png; sourceTree = "<group>"; };
		DDE1646B1B86CAF500C32D8E /* UMS_twitter_on@2x.png */ = {isa = PBXFileReference; lastKnownFileType = image.png; path = "UMS_twitter_on@2x.png"; sourceTree = "<group>"; };
		DDE1646C1B86CAF500C32D8E /* UMS_wechat_favorite_icon.png */ = {isa = PBXFileReference; lastKnownFileType = image.png; path = UMS_wechat_favorite_icon.png; sourceTree = "<group>"; };
		DDE1646D1B86CAF500C32D8E /* UMS_wechat_favorite_icon@2x.png */ = {isa = PBXFileReference; lastKnownFileType = image.png; path = "UMS_wechat_favorite_icon@2x.png"; sourceTree = "<group>"; };
		DDE1646E1B86CAF500C32D8E /* UMS_wechat_icon.png */ = {isa = PBXFileReference; lastKnownFileType = image.png; path = UMS_wechat_icon.png; sourceTree = "<group>"; };
		DDE1646F1B86CAF500C32D8E /* UMS_wechat_icon@2x.png */ = {isa = PBXFileReference; lastKnownFileType = image.png; path = "UMS_wechat_icon@2x.png"; sourceTree = "<group>"; };
		DDE164701B86CAF500C32D8E /* UMS_wechat_off.png */ = {isa = PBXFileReference; lastKnownFileType = image.png; path = UMS_wechat_off.png; sourceTree = "<group>"; };
		DDE164711B86CAF500C32D8E /* UMS_wechat_off@2x.png */ = {isa = PBXFileReference; lastKnownFileType = image.png; path = "UMS_wechat_off@2x.png"; sourceTree = "<group>"; };
		DDE164721B86CAF500C32D8E /* UMS_wechat_on@2x.png */ = {isa = PBXFileReference; lastKnownFileType = image.png; path = "UMS_wechat_on@2x.png"; sourceTree = "<group>"; };
		DDE164731B86CAF500C32D8E /* UMS_wechat_session_icon.png */ = {isa = PBXFileReference; lastKnownFileType = image.png; path = UMS_wechat_session_icon.png; sourceTree = "<group>"; };
		DDE164741B86CAF500C32D8E /* UMS_wechat_session_icon@2x.png */ = {isa = PBXFileReference; lastKnownFileType = image.png; path = "UMS_wechat_session_icon@2x.png"; sourceTree = "<group>"; };
		DDE164751B86CAF500C32D8E /* UMS_wechat_timeline_icon.png */ = {isa = PBXFileReference; lastKnownFileType = image.png; path = UMS_wechat_timeline_icon.png; sourceTree = "<group>"; };
		DDE164761B86CAF500C32D8E /* UMS_wechat_timeline_icon@2x.png */ = {isa = PBXFileReference; lastKnownFileType = image.png; path = "UMS_wechat_timeline_icon@2x.png"; sourceTree = "<group>"; };
		DDE164771B86CAF500C32D8E /* UMS_wechat_timeline_off.png */ = {isa = PBXFileReference; lastKnownFileType = image.png; path = UMS_wechat_timeline_off.png; sourceTree = "<group>"; };
		DDE164781B86CAF500C32D8E /* UMS_wechat_timeline_off@2x.png */ = {isa = PBXFileReference; lastKnownFileType = image.png; path = "UMS_wechat_timeline_off@2x.png"; sourceTree = "<group>"; };
		DDE164791B86CAF500C32D8E /* UMS_wechat_timeline_on.png */ = {isa = PBXFileReference; lastKnownFileType = image.png; path = UMS_wechat_timeline_on.png; sourceTree = "<group>"; };
		DDE1647A1B86CAF500C32D8E /* UMS_wechat_timeline_on@2x.png */ = {isa = PBXFileReference; lastKnownFileType = image.png; path = "UMS_wechat_timeline_on@2x.png"; sourceTree = "<group>"; };
		DDE1647B1B86CAF500C32D8E /* UMS_whatsapp_icon@2x.png */ = {isa = PBXFileReference; lastKnownFileType = image.png; path = "UMS_whatsapp_icon@2x.png"; sourceTree = "<group>"; };
		DDE1647C1B86CAF500C32D8E /* UMS_yixin_session@2x.png */ = {isa = PBXFileReference; lastKnownFileType = image.png; path = "UMS_yixin_session@2x.png"; sourceTree = "<group>"; };
		DDE1647D1B86CAF500C32D8E /* UMS_yixin_timeline@2x.png */ = {isa = PBXFileReference; lastKnownFileType = image.png; path = "UMS_yixin_timeline@2x.png"; sourceTree = "<group>"; };
/* End PBXFileReference section */

/* Begin PBXFrameworksBuildPhase section */
		DD0F0D111B81BCB000E9FDBA /* Frameworks */ = {
			isa = PBXFrameworksBuildPhase;
			buildActionMask = 2147483647;
			files = (
				DD12005B1B830ABE005E181B /* CoreText.framework in Frameworks */,
				DD1200591B830AAD005E181B /* ImageIO.framework in Frameworks */,
				DD1200571B8309A1005E181B /* Security.framework in Frameworks */,
				DD0F0FC11B81D4D900E9FDBA /* libstdc++.dylib in Frameworks */,
				DD12004D1B82D419005E181B /* libWeiboSDK.a in Frameworks */,
				DD0F0FBF1B81D4CA00E9FDBA /* CoreTelephony.framework in Frameworks */,
				DD0F0FBD1B81D4BA00E9FDBA /* CoreGraphics.framework in Frameworks */,
				DD0F0FBB1B81D4AE00E9FDBA /* libiconv.dylib in Frameworks */,
				DD0F0D4B1B81BE2200E9FDBA /* libc++.dylib in Frameworks */,
				DD0F0FAC1B81D42200E9FDBA /* TencentOpenAPI.framework in Frameworks */,
				DD0F0D491B81BE1100E9FDBA /* libsqlite3.0.dylib in Frameworks */,
				DD0F0D471B81BD3800E9FDBA /* libz.dylib in Frameworks */,
				DD0F0D451B81BD2700E9FDBA /* SystemConfiguration.framework in Frameworks */,
				DD0F0D421B81BCFA00E9FDBA /* libWeChatSDK.a in Frameworks */,
			);
			runOnlyForDeploymentPostprocessing = 0;
		};
		DD0F0D2A1B81BCB100E9FDBA /* Frameworks */ = {
			isa = PBXFrameworksBuildPhase;
			buildActionMask = 2147483647;
			files = (
			);
			runOnlyForDeploymentPostprocessing = 0;
		};
/* End PBXFrameworksBuildPhase section */

/* Begin PBXGroup section */
		DD0F0D0B1B81BCB000E9FDBA = {
			isa = PBXGroup;
			children = (
				DDE1642B1B86CAF500C32D8E /* SnsPlatform */,
				DD12005C1B832448005E181B /* hehe.jpg */,
				DD12005A1B830ABE005E181B /* CoreText.framework */,
				DD1200581B830AAD005E181B /* ImageIO.framework */,
				DD1200561B8309A1005E181B /* Security.framework */,
				DD1200401B82D419005E181B /* libWeiboSDK */,
				DD0F0D4C1B81D42200E9FDBA /* iOS_OpenSDK_2.9.0.91_all */,
				DD0F0D3D1B81BCFA00E9FDBA /* WeChatSDK_1.5 */,
				DD0F0D161B81BCB000E9FDBA /* RSShareSDK */,
				DD0F0D301B81BCB100E9FDBA /* RSShareSDKTests */,
				DD0F0D151B81BCB000E9FDBA /* Products */,
			);
			sourceTree = "<group>";
		};
		DD0F0D151B81BCB000E9FDBA /* Products */ = {
			isa = PBXGroup;
			children = (
				DD0F0D141B81BCB000E9FDBA /* RSShareSDK.app */,
				DD0F0D2D1B81BCB100E9FDBA /* RSShareSDKTests.xctest */,
			);
			name = Products;
			sourceTree = "<group>";
		};
		DD0F0D161B81BCB000E9FDBA /* RSShareSDK */ = {
			isa = PBXGroup;
			children = (
				DD12004F1B82DDDE005E181B /* RSShareSDK */,
				DD0F0D1B1B81BCB000E9FDBA /* AppDelegate.h */,
				DD0F0D1C1B81BCB000E9FDBA /* AppDelegate.m */,
				DD0F0D1E1B81BCB000E9FDBA /* ViewController.h */,
				DD0F0D1F1B81BCB000E9FDBA /* ViewController.m */,
				DD0F0D211B81BCB000E9FDBA /* Main.storyboard */,
				DD0F0D241B81BCB000E9FDBA /* Images.xcassets */,
				DD0F0D261B81BCB000E9FDBA /* LaunchScreen.xib */,
				DD0F0D171B81BCB000E9FDBA /* Supporting Files */,
			);
			path = RSShareSDK;
			sourceTree = "<group>";
		};
		DD0F0D171B81BCB000E9FDBA /* Supporting Files */ = {
			isa = PBXGroup;
			children = (
				DD0F0FC01B81D4D900E9FDBA /* libstdc++.dylib */,
				DD0F0FBE1B81D4CA00E9FDBA /* CoreTelephony.framework */,
				DD0F0FBC1B81D4BA00E9FDBA /* CoreGraphics.framework */,
				DD0F0FBA1B81D4AE00E9FDBA /* libiconv.dylib */,
				DD0F0D4A1B81BE2200E9FDBA /* libc++.dylib */,
				DD0F0D481B81BE1100E9FDBA /* libsqlite3.0.dylib */,
				DD0F0D461B81BD3800E9FDBA /* libz.dylib */,
				DD0F0D441B81BD2700E9FDBA /* SystemConfiguration.framework */,
				DD0F0D181B81BCB000E9FDBA /* Info.plist */,
				DD0F0D191B81BCB000E9FDBA /* main.m */,
			);
			name = "Supporting Files";
			sourceTree = "<group>";
		};
		DD0F0D301B81BCB100E9FDBA /* RSShareSDKTests */ = {
			isa = PBXGroup;
			children = (
				DD0F0D331B81BCB100E9FDBA /* RSShareSDKTests.m */,
				DD0F0D311B81BCB100E9FDBA /* Supporting Files */,
			);
			path = RSShareSDKTests;
			sourceTree = "<group>";
		};
		DD0F0D311B81BCB100E9FDBA /* Supporting Files */ = {
			isa = PBXGroup;
			children = (
				DD0F0D321B81BCB100E9FDBA /* Info.plist */,
			);
			name = "Supporting Files";
			sourceTree = "<group>";
		};
		DD0F0D3D1B81BCFA00E9FDBA /* WeChatSDK_1.5 */ = {
			isa = PBXGroup;
			children = (
				DD0F0D3E1B81BCFA00E9FDBA /* libWeChatSDK.a */,
				DD0F0D3F1B81BCFA00E9FDBA /* read_me.txt */,
				DD0F0D401B81BCFA00E9FDBA /* WXApi.h */,
				DD0F0D411B81BCFA00E9FDBA /* WXApiObject.h */,
			);
			path = WeChatSDK_1.5;
			sourceTree = "<group>";
		};
		DD0F0D4C1B81D42200E9FDBA /* iOS_OpenSDK_2.9.0.91_all */ = {
			isa = PBXGroup;
			children = (
				DD0F0ED71B81D42200E9FDBA /* TencentOpenAPI.framework */,
				DD0F0ED81B81D42200E9FDBA /* TencentOpenApi_IOS_Bundle.bundle */,
			);
			path = iOS_OpenSDK_2.9.0.91_all;
			sourceTree = "<group>";
		};
		DD1200401B82D419005E181B /* libWeiboSDK */ = {
			isa = PBXGroup;
			children = (
				DD1200411B82D419005E181B /* libWeiboSDK.a */,
				DD1200421B82D419005E181B /* WBHttpRequest+WeiboGame.h */,
				DD1200431B82D419005E181B /* WBHttpRequest+WeiboShare.h */,
				DD1200441B82D419005E181B /* WBHttpRequest+WeiboToken.h */,
				DD1200451B82D419005E181B /* WBHttpRequest+WeiboUser.h */,
				DD1200461B82D419005E181B /* WBHttpRequest.h */,
				DD1200471B82D419005E181B /* WBSDKBasicButton.h */,
				DD1200481B82D419005E181B /* WBSDKCommentButton.h */,
				DD1200491B82D419005E181B /* WBSDKRelationshipButton.h */,
				DD12004A1B82D419005E181B /* WeiboSDK.bundle */,
				DD12004B1B82D419005E181B /* WeiboSDK.h */,
				DD12004C1B82D419005E181B /* WeiboUser.h */,
			);
			path = libWeiboSDK;
			sourceTree = "<group>";
		};
		DD12004F1B82DDDE005E181B /* RSShareSDK */ = {
			isa = PBXGroup;
			children = (
				DD1200501B82DDFE005E181B /* RSShareSDKDefine.h */,
				DD1200531B82E071005E181B /* RSShareSDK.h */,
				DD1200541B82E071005E181B /* RSShareSDK.m */,
				DD99081E1B85799D009D5C4B /* RSShareHttp.h */,
				DD99081F1B85799D009D5C4B /* RSShareHttp.m */,
				DD9908211B859FDC009D5C4B /* RSShareUser.h */,
				DD9908221B859FDC009D5C4B /* RSShareUser.m */,
				DD71946B1B85D4C800C8ADB6 /* RSSharePopupController.h */,
				DD71946C1B85D4C800C8ADB6 /* RSSharePopupController.m */,
			);
			path = RSShareSDK;
			sourceTree = "<group>";
		};
		DDE1642B1B86CAF500C32D8E /* SnsPlatform */ = {
			isa = PBXGroup;
			children = (
				DDE1642C1B86CAF500C32D8E /* UMS_douban_icon.png */,
				DDE1642D1B86CAF500C32D8E /* UMS_douban_icon@2x.png */,
				DDE1642E1B86CAF500C32D8E /* UMS_douban_off.png */,
				DDE1642F1B86CAF500C32D8E /* UMS_douban_off@2x.png */,
				DDE164301B86CAF500C32D8E /* UMS_douban_on.png */,
				DDE164311B86CAF500C32D8E /* UMS_douban_on@2x.png */,
				DDE164321B86CAF500C32D8E /* UMS_email_icon.png */,
				DDE164331B86CAF500C32D8E /* UMS_email_icon@2x.png */,
				DDE164341B86CAF500C32D8E /* UMS_email_off.png */,
				DDE164351B86CAF500C32D8E /* UMS_email_off@2x.png */,
				DDE164361B86CAF500C32D8E /* UMS_email_on@2x.png */,
				DDE164371B86CAF500C32D8E /* UMS_facebook_icon.png */,
				DDE164381B86CAF500C32D8E /* UMS_facebook_icon@2x.png */,
				DDE164391B86CAF500C32D8E /* UMS_facebook_off.png */,
				DDE1643A1B86CAF500C32D8E /* UMS_facebook_off@2x.png */,
				DDE1643B1B86CAF500C32D8E /* UMS_facebook_on.png */,
				DDE1643C1B86CAF500C32D8E /* UMS_facebook_on@2x.png */,
				DDE1643D1B86CAF500C32D8E /* UMS_instagram.png */,
				DDE1643E1B86CAF500C32D8E /* UMS_instagram@2x.png */,
				DDE1643F1B86CAF500C32D8E /* UMS_laiwang_session@2x.png */,
				DDE164401B86CAF500C32D8E /* UMS_laiwang_timeline@2x.png */,
				DDE164411B86CAF500C32D8E /* UMS_line_icon@2x.png */,
				DDE164421B86CAF500C32D8E /* UMS_qq_icon.png */,
				DDE164431B86CAF500C32D8E /* UMS_qq_icon@2x.png */,
				DDE164441B86CAF500C32D8E /* UMS_qq_off.png */,
				DDE164451B86CAF500C32D8E /* UMS_qq_off@2x.png */,
				DDE164461B86CAF500C32D8E /* UMS_qq_on.png */,
				DDE164471B86CAF500C32D8E /* UMS_qq_on@2x.png */,
				DDE164481B86CAF500C32D8E /* UMS_qzone_icon.png */,
				DDE164491B86CAF500C32D8E /* UMS_qzone_icon@2x.png */,
				DDE1644A1B86CAF500C32D8E /* UMS_qzone_off.png */,
				DDE1644B1B86CAF500C32D8E /* UMS_qzone_off@2x.png */,
				DDE1644C1B86CAF500C32D8E /* UMS_qzone_on.png */,
				DDE1644D1B86CAF500C32D8E /* UMS_qzone_on@2x.png */,
				DDE1644E1B86CAF500C32D8E /* UMS_renren_icon.png */,
				DDE1644F1B86CAF500C32D8E /* UMS_renren_icon@2x.png */,
				DDE164501B86CAF500C32D8E /* UMS_renren_off.png */,
				DDE164511B86CAF500C32D8E /* UMS_renren_off@2x.png */,
				DDE164521B86CAF500C32D8E /* UMS_renren_on.png */,
				DDE164531B86CAF500C32D8E /* UMS_renren_on@2x.png */,
				DDE164541B86CAF500C32D8E /* UMS_sina_icon.png */,
				DDE164551B86CAF500C32D8E /* UMS_sina_icon@2x.png */,
				DDE164561B86CAF500C32D8E /* UMS_sina_off.png */,
				DDE164571B86CAF500C32D8E /* UMS_sina_off@2x.png */,
				DDE164581B86CAF500C32D8E /* UMS_sina_on.png */,
				DDE164591B86CAF500C32D8E /* UMS_sina_on@2x.png */,
				DDE1645A1B86CAF500C32D8E /* UMS_sms_icon.png */,
				DDE1645B1B86CAF500C32D8E /* UMS_sms_icon@2x.png */,
				DDE1645C1B86CAF500C32D8E /* UMS_sms_off.png */,
				DDE1645D1B86CAF500C32D8E /* UMS_sms_off@2x.png */,
				DDE1645E1B86CAF500C32D8E /* UMS_sms_on@2x.png */,
				DDE1645F1B86CAF500C32D8E /* UMS_tencent_icon.png */,
				DDE164601B86CAF500C32D8E /* UMS_tencent_icon@2x.png */,
				DDE164611B86CAF500C32D8E /* UMS_tencent_off.png */,
				DDE164621B86CAF500C32D8E /* UMS_tencent_off@2x.png */,
				DDE164631B86CAF500C32D8E /* UMS_tencent_on.png */,
				DDE164641B86CAF500C32D8E /* UMS_tencent_on@2x.png */,
				DDE164651B86CAF500C32D8E /* UMS_tumblr_icon@2x.png */,
				DDE164661B86CAF500C32D8E /* UMS_twitter_icon.png */,
				DDE164671B86CAF500C32D8E /* UMS_twitter_icon@2x.png */,
				DDE164681B86CAF500C32D8E /* UMS_twitter_off.png */,
				DDE164691B86CAF500C32D8E /* UMS_twitter_off@2x.png */,
				DDE1646A1B86CAF500C32D8E /* UMS_twitter_on.png */,
				DDE1646B1B86CAF500C32D8E /* UMS_twitter_on@2x.png */,
				DDE1646C1B86CAF500C32D8E /* UMS_wechat_favorite_icon.png */,
				DDE1646D1B86CAF500C32D8E /* UMS_wechat_favorite_icon@2x.png */,
				DDE1646E1B86CAF500C32D8E /* UMS_wechat_icon.png */,
				DDE1646F1B86CAF500C32D8E /* UMS_wechat_icon@2x.png */,
				DDE164701B86CAF500C32D8E /* UMS_wechat_off.png */,
				DDE164711B86CAF500C32D8E /* UMS_wechat_off@2x.png */,
				DDE164721B86CAF500C32D8E /* UMS_wechat_on@2x.png */,
				DDE164731B86CAF500C32D8E /* UMS_wechat_session_icon.png */,
				DDE164741B86CAF500C32D8E /* UMS_wechat_session_icon@2x.png */,
				DDE164751B86CAF500C32D8E /* UMS_wechat_timeline_icon.png */,
				DDE164761B86CAF500C32D8E /* UMS_wechat_timeline_icon@2x.png */,
				DDE164771B86CAF500C32D8E /* UMS_wechat_timeline_off.png */,
				DDE164781B86CAF500C32D8E /* UMS_wechat_timeline_off@2x.png */,
				DDE164791B86CAF500C32D8E /* UMS_wechat_timeline_on.png */,
				DDE1647A1B86CAF500C32D8E /* UMS_wechat_timeline_on@2x.png */,
				DDE1647B1B86CAF500C32D8E /* UMS_whatsapp_icon@2x.png */,
				DDE1647C1B86CAF500C32D8E /* UMS_yixin_session@2x.png */,
				DDE1647D1B86CAF500C32D8E /* UMS_yixin_timeline@2x.png */,
			);
			path = SnsPlatform;
			sourceTree = "<group>";
		};
/* End PBXGroup section */

/* Begin PBXNativeTarget section */
		DD0F0D131B81BCB000E9FDBA /* RSShareSDK */ = {
			isa = PBXNativeTarget;
			buildConfigurationList = DD0F0D371B81BCB100E9FDBA /* Build configuration list for PBXNativeTarget "RSShareSDK" */;
			buildPhases = (
				DD0F0D101B81BCB000E9FDBA /* Sources */,
				DD0F0D111B81BCB000E9FDBA /* Frameworks */,
				DD0F0D121B81BCB000E9FDBA /* Resources */,
			);
			buildRules = (
			);
			dependencies = (
			);
			name = RSShareSDK;
			productName = RSShareSDK;
			productReference = DD0F0D141B81BCB000E9FDBA /* RSShareSDK.app */;
			productType = "com.apple.product-type.application";
		};
		DD0F0D2C1B81BCB100E9FDBA /* RSShareSDKTests */ = {
			isa = PBXNativeTarget;
			buildConfigurationList = DD0F0D3A1B81BCB100E9FDBA /* Build configuration list for PBXNativeTarget "RSShareSDKTests" */;
			buildPhases = (
				DD0F0D291B81BCB100E9FDBA /* Sources */,
				DD0F0D2A1B81BCB100E9FDBA /* Frameworks */,
				DD0F0D2B1B81BCB100E9FDBA /* Resources */,
			);
			buildRules = (
			);
			dependencies = (
				DD0F0D2F1B81BCB100E9FDBA /* PBXTargetDependency */,
			);
			name = RSShareSDKTests;
			productName = RSShareSDKTests;
			productReference = DD0F0D2D1B81BCB100E9FDBA /* RSShareSDKTests.xctest */;
			productType = "com.apple.product-type.bundle.unit-test";
		};
/* End PBXNativeTarget section */

/* Begin PBXProject section */
		DD0F0D0C1B81BCB000E9FDBA /* Project object */ = {
			isa = PBXProject;
			attributes = {
				LastUpgradeCheck = 0640;
				ORGANIZATIONNAME = "REEE INC";
				TargetAttributes = {
					DD0F0D131B81BCB000E9FDBA = {
						CreatedOnToolsVersion = 6.4;
					};
					DD0F0D2C1B81BCB100E9FDBA = {
						CreatedOnToolsVersion = 6.4;
						TestTargetID = DD0F0D131B81BCB000E9FDBA;
					};
				};
			};
			buildConfigurationList = DD0F0D0F1B81BCB000E9FDBA /* Build configuration list for PBXProject "RSShareSDK" */;
			compatibilityVersion = "Xcode 3.2";
			developmentRegion = English;
			hasScannedForEncodings = 0;
			knownRegions = (
				en,
				Base,
			);
			mainGroup = DD0F0D0B1B81BCB000E9FDBA;
			productRefGroup = DD0F0D151B81BCB000E9FDBA /* Products */;
			projectDirPath = "";
			projectRoot = "";
			targets = (
				DD0F0D131B81BCB000E9FDBA /* RSShareSDK */,
				DD0F0D2C1B81BCB100E9FDBA /* RSShareSDKTests */,
			);
		};
/* End PBXProject section */

/* Begin PBXResourcesBuildPhase section */
		DD0F0D121B81BCB000E9FDBA /* Resources */ = {
			isa = PBXResourcesBuildPhase;
			buildActionMask = 2147483647;
			files = (
				DDE1649E1B86CAF500C32D8E /* UMS_qzone_on.png in Resources */,
				DDE164A11B86CAF500C32D8E /* UMS_renren_icon@2x.png in Resources */,
				DDE1648C1B86CAF500C32D8E /* UMS_facebook_off@2x.png in Resources */,
				DD0F0D231B81BCB000E9FDBA /* Main.storyboard in Resources */,
				DDE164A31B86CAF500C32D8E /* UMS_renren_off@2x.png in Resources */,
				DDE164851B86CAF500C32D8E /* UMS_email_icon@2x.png in Resources */,
				DDE164B51B86CAF500C32D8E /* UMS_tencent_on.png in Resources */,
				DDE164C41B86CAF500C32D8E /* UMS_wechat_on@2x.png in Resources */,
				DDE164BF1B86CAF500C32D8E /* UMS_wechat_favorite_icon@2x.png in Resources */,
				DDE164C11B86CAF500C32D8E /* UMS_wechat_icon@2x.png in Resources */,
				DDE164BA1B86CAF500C32D8E /* UMS_twitter_off.png in Resources */,
				DDE1648B1B86CAF500C32D8E /* UMS_facebook_off.png in Resources */,
				DDE164881B86CAF500C32D8E /* UMS_email_on@2x.png in Resources */,
				DDE164B41B86CAF500C32D8E /* UMS_tencent_off@2x.png in Resources */,
				DDE164A01B86CAF500C32D8E /* UMS_renren_icon.png in Resources */,
				DDE164911B86CAF500C32D8E /* UMS_laiwang_session@2x.png in Resources */,
				DDE164931B86CAF500C32D8E /* UMS_line_icon@2x.png in Resources */,
				DDE164AE1B86CAF500C32D8E /* UMS_sms_off.png in Resources */,
				DDE1648D1B86CAF500C32D8E /* UMS_facebook_on.png in Resources */,
				DDE1648A1B86CAF500C32D8E /* UMS_facebook_icon@2x.png in Resources */,
				DDE164A51B86CAF500C32D8E /* UMS_renren_on@2x.png in Resources */,
				DDE164B31B86CAF500C32D8E /* UMS_tencent_off.png in Resources */,
				DDE164B71B86CAF500C32D8E /* UMS_tumblr_icon@2x.png in Resources */,
				DD12005D1B832448005E181B /* hehe.jpg in Resources */,
				DDE164B81B86CAF500C32D8E /* UMS_twitter_icon.png in Resources */,
				DDE164AF1B86CAF500C32D8E /* UMS_sms_off@2x.png in Resources */,
				DDE164A71B86CAF500C32D8E /* UMS_sina_icon@2x.png in Resources */,
				DDE1649A1B86CAF500C32D8E /* UMS_qzone_icon.png in Resources */,
				DDE164AB1B86CAF500C32D8E /* UMS_sina_on@2x.png in Resources */,
				DDE164921B86CAF500C32D8E /* UMS_laiwang_timeline@2x.png in Resources */,
				DDE164C01B86CAF500C32D8E /* UMS_wechat_icon.png in Resources */,
				DDE164B91B86CAF500C32D8E /* UMS_twitter_icon@2x.png in Resources */,
				DD0F0D281B81BCB000E9FDBA /* LaunchScreen.xib in Resources */,
				DDE164941B86CAF500C32D8E /* UMS_qq_icon.png in Resources */,
				DDE164A21B86CAF500C32D8E /* UMS_renren_off.png in Resources */,
				DDE1647E1B86CAF500C32D8E /* UMS_douban_icon.png in Resources */,
				DDE164A81B86CAF500C32D8E /* UMS_sina_off.png in Resources */,
				DDE164811B86CAF500C32D8E /* UMS_douban_off@2x.png in Resources */,
				DDE164951B86CAF500C32D8E /* UMS_qq_icon@2x.png in Resources */,
				DDE164991B86CAF500C32D8E /* UMS_qq_on@2x.png in Resources */,
				DDE164901B86CAF500C32D8E /* UMS_instagram@2x.png in Resources */,
				DDE164A41B86CAF500C32D8E /* UMS_renren_on.png in Resources */,
				DDE164BC1B86CAF500C32D8E /* UMS_twitter_on.png in Resources */,
				DDE164CA1B86CAF500C32D8E /* UMS_wechat_timeline_off@2x.png in Resources */,
				DDE164CC1B86CAF500C32D8E /* UMS_wechat_timeline_on@2x.png in Resources */,
				DDE1649C1B86CAF500C32D8E /* UMS_qzone_off.png in Resources */,
				DDE164A61B86CAF500C32D8E /* UMS_sina_icon.png in Resources */,
				DDE164B01B86CAF500C32D8E /* UMS_sms_on@2x.png in Resources */,
				DDE1649F1B86CAF500C32D8E /* UMS_qzone_on@2x.png in Resources */,
				DDE164961B86CAF500C32D8E /* UMS_qq_off.png in Resources */,
				DDE164971B86CAF500C32D8E /* UMS_qq_off@2x.png in Resources */,
				DDE164871B86CAF500C32D8E /* UMS_email_off@2x.png in Resources */,
				DDE164831B86CAF500C32D8E /* UMS_douban_on@2x.png in Resources */,
				DDE164CD1B86CAF500C32D8E /* UMS_whatsapp_icon@2x.png in Resources */,
				DDE164BD1B86CAF500C32D8E /* UMS_twitter_on@2x.png in Resources */,
				DDE1648E1B86CAF500C32D8E /* UMS_facebook_on@2x.png in Resources */,
				DDE164981B86CAF500C32D8E /* UMS_qq_on.png in Resources */,
				DDE164B21B86CAF500C32D8E /* UMS_tencent_icon@2x.png in Resources */,
				DDE1649D1B86CAF500C32D8E /* UMS_qzone_off@2x.png in Resources */,
				DDE164C91B86CAF500C32D8E /* UMS_wechat_timeline_off.png in Resources */,
				DDE164C21B86CAF500C32D8E /* UMS_wechat_off.png in Resources */,
				DD0F0D431B81BCFA00E9FDBA /* read_me.txt in Resources */,
				DDE164AC1B86CAF500C32D8E /* UMS_sms_icon.png in Resources */,
				DDE164C31B86CAF500C32D8E /* UMS_wechat_off@2x.png in Resources */,
				DDE164A91B86CAF500C32D8E /* UMS_sina_off@2x.png in Resources */,
				DD0F0D251B81BCB000E9FDBA /* Images.xcassets in Resources */,
				DDE164801B86CAF500C32D8E /* UMS_douban_off.png in Resources */,
				DDE164B61B86CAF500C32D8E /* UMS_tencent_on@2x.png in Resources */,
				DDE164CF1B86CAF500C32D8E /* UMS_yixin_timeline@2x.png in Resources */,
				DDE164861B86CAF500C32D8E /* UMS_email_off.png in Resources */,
				DDE164CE1B86CAF500C32D8E /* UMS_yixin_session@2x.png in Resources */,
				DDE164C51B86CAF500C32D8E /* UMS_wechat_session_icon.png in Resources */,
				DDE1647F1B86CAF500C32D8E /* UMS_douban_icon@2x.png in Resources */,
				DDE164891B86CAF500C32D8E /* UMS_facebook_icon.png in Resources */,
				DDE164C71B86CAF500C32D8E /* UMS_wechat_timeline_icon.png in Resources */,
				DDE1649B1B86CAF500C32D8E /* UMS_qzone_icon@2x.png in Resources */,
				DDE164BE1B86CAF500C32D8E /* UMS_wechat_favorite_icon.png in Resources */,
				DDE164C61B86CAF500C32D8E /* UMS_wechat_session_icon@2x.png in Resources */,
				DDE164821B86CAF500C32D8E /* UMS_douban_on.png in Resources */,
				DD0F0FAD1B81D42200E9FDBA /* TencentOpenApi_IOS_Bundle.bundle in Resources */,
				DD12004E1B82D419005E181B /* WeiboSDK.bundle in Resources */,
				DDE164AD1B86CAF500C32D8E /* UMS_sms_icon@2x.png in Resources */,
				DDE164C81B86CAF500C32D8E /* UMS_wechat_timeline_icon@2x.png in Resources */,
				DDE164AA1B86CAF500C32D8E /* UMS_sina_on.png in Resources */,
				DDE164BB1B86CAF500C32D8E /* UMS_twitter_off@2x.png in Resources */,
				DDE1648F1B86CAF500C32D8E /* UMS_instagram.png in Resources */,
				DDE164CB1B86CAF500C32D8E /* UMS_wechat_timeline_on.png in Resources */,
				DDE164B11B86CAF500C32D8E /* UMS_tencent_icon.png in Resources */,
				DDE164841B86CAF500C32D8E /* UMS_email_icon.png in Resources */,
			);
			runOnlyForDeploymentPostprocessing = 0;
		};
		DD0F0D2B1B81BCB100E9FDBA /* Resources */ = {
			isa = PBXResourcesBuildPhase;
			buildActionMask = 2147483647;
			files = (
			);
			runOnlyForDeploymentPostprocessing = 0;
		};
/* End PBXResourcesBuildPhase section */

/* Begin PBXSourcesBuildPhase section */
		DD0F0D101B81BCB000E9FDBA /* Sources */ = {
			isa = PBXSourcesBuildPhase;
			buildActionMask = 2147483647;
			files = (
				DD0F0D201B81BCB000E9FDBA /* ViewController.m in Sources */,
				DD9908231B859FDC009D5C4B /* RSShareUser.m in Sources */,
				DD71946D1B85D4C800C8ADB6 /* RSSharePopupController.m in Sources */,
				DD1200551B82E071005E181B /* RSShareSDK.m in Sources */,
				DD0F0D1D1B81BCB000E9FDBA /* AppDelegate.m in Sources */,
				DD9908201B85799D009D5C4B /* RSShareHttp.m in Sources */,
				DD0F0D1A1B81BCB000E9FDBA /* main.m in Sources */,
			);
			runOnlyForDeploymentPostprocessing = 0;
		};
		DD0F0D291B81BCB100E9FDBA /* Sources */ = {
			isa = PBXSourcesBuildPhase;
			buildActionMask = 2147483647;
			files = (
				DD0F0D341B81BCB100E9FDBA /* RSShareSDKTests.m in Sources */,
			);
			runOnlyForDeploymentPostprocessing = 0;
		};
/* End PBXSourcesBuildPhase section */

/* Begin PBXTargetDependency section */
		DD0F0D2F1B81BCB100E9FDBA /* PBXTargetDependency */ = {
			isa = PBXTargetDependency;
			target = DD0F0D131B81BCB000E9FDBA /* RSShareSDK */;
			targetProxy = DD0F0D2E1B81BCB100E9FDBA /* PBXContainerItemProxy */;
		};
/* End PBXTargetDependency section */

/* Begin PBXVariantGroup section */
		DD0F0D211B81BCB000E9FDBA /* Main.storyboard */ = {
			isa = PBXVariantGroup;
			children = (
				DD0F0D221B81BCB000E9FDBA /* Base */,
			);
			name = Main.storyboard;
			sourceTree = "<group>";
		};
		DD0F0D261B81BCB000E9FDBA /* LaunchScreen.xib */ = {
			isa = PBXVariantGroup;
			children = (
				DD0F0D271B81BCB000E9FDBA /* Base */,
			);
			name = LaunchScreen.xib;
			sourceTree = "<group>";
		};
/* End PBXVariantGroup section */

/* Begin XCBuildConfiguration section */
		DD0F0D351B81BCB100E9FDBA /* Debug */ = {
			isa = XCBuildConfiguration;
			buildSettings = {
				ALWAYS_SEARCH_USER_PATHS = NO;
				CLANG_CXX_LANGUAGE_STANDARD = "gnu++0x";
				CLANG_CXX_LIBRARY = "libc++";
				CLANG_ENABLE_MODULES = YES;
				CLANG_ENABLE_OBJC_ARC = YES;
				CLANG_WARN_BOOL_CONVERSION = YES;
				CLANG_WARN_CONSTANT_CONVERSION = YES;
				CLANG_WARN_DIRECT_OBJC_ISA_USAGE = YES_ERROR;
				CLANG_WARN_EMPTY_BODY = YES;
				CLANG_WARN_ENUM_CONVERSION = YES;
				CLANG_WARN_INT_CONVERSION = YES;
				CLANG_WARN_OBJC_ROOT_CLASS = YES_ERROR;
				CLANG_WARN_UNREACHABLE_CODE = YES;
				CLANG_WARN__DUPLICATE_METHOD_MATCH = YES;
				"CODE_SIGN_IDENTITY[sdk=iphoneos*]" = "iPhone Developer";
				COPY_PHASE_STRIP = NO;
				DEBUG_INFORMATION_FORMAT = "dwarf-with-dsym";
				ENABLE_STRICT_OBJC_MSGSEND = YES;
				GCC_C_LANGUAGE_STANDARD = gnu99;
				GCC_DYNAMIC_NO_PIC = NO;
				GCC_NO_COMMON_BLOCKS = YES;
				GCC_OPTIMIZATION_LEVEL = 0;
				GCC_PREPROCESSOR_DEFINITIONS = (
					"DEBUG=1",
					"$(inherited)",
				);
				GCC_SYMBOLS_PRIVATE_EXTERN = NO;
				GCC_WARN_64_TO_32_BIT_CONVERSION = YES;
				GCC_WARN_ABOUT_RETURN_TYPE = YES_ERROR;
				GCC_WARN_UNDECLARED_SELECTOR = YES;
				GCC_WARN_UNINITIALIZED_AUTOS = YES_AGGRESSIVE;
				GCC_WARN_UNUSED_FUNCTION = YES;
				GCC_WARN_UNUSED_VARIABLE = YES;
				IPHONEOS_DEPLOYMENT_TARGET = 8.4;
				MTL_ENABLE_DEBUG_INFO = YES;
				ONLY_ACTIVE_ARCH = YES;
				SDKROOT = iphoneos;
			};
			name = Debug;
		};
		DD0F0D361B81BCB100E9FDBA /* Release */ = {
			isa = XCBuildConfiguration;
			buildSettings = {
				ALWAYS_SEARCH_USER_PATHS = NO;
				CLANG_CXX_LANGUAGE_STANDARD = "gnu++0x";
				CLANG_CXX_LIBRARY = "libc++";
				CLANG_ENABLE_MODULES = YES;
				CLANG_ENABLE_OBJC_ARC = YES;
				CLANG_WARN_BOOL_CONVERSION = YES;
				CLANG_WARN_CONSTANT_CONVERSION = YES;
				CLANG_WARN_DIRECT_OBJC_ISA_USAGE = YES_ERROR;
				CLANG_WARN_EMPTY_BODY = YES;
				CLANG_WARN_ENUM_CONVERSION = YES;
				CLANG_WARN_INT_CONVERSION = YES;
				CLANG_WARN_OBJC_ROOT_CLASS = YES_ERROR;
				CLANG_WARN_UNREACHABLE_CODE = YES;
				CLANG_WARN__DUPLICATE_METHOD_MATCH = YES;
				"CODE_SIGN_IDENTITY[sdk=iphoneos*]" = "iPhone Developer";
				COPY_PHASE_STRIP = NO;
				DEBUG_INFORMATION_FORMAT = "dwarf-with-dsym";
				ENABLE_NS_ASSERTIONS = NO;
				ENABLE_STRICT_OBJC_MSGSEND = YES;
				GCC_C_LANGUAGE_STANDARD = gnu99;
				GCC_NO_COMMON_BLOCKS = YES;
				GCC_WARN_64_TO_32_BIT_CONVERSION = YES;
				GCC_WARN_ABOUT_RETURN_TYPE = YES_ERROR;
				GCC_WARN_UNDECLARED_SELECTOR = YES;
				GCC_WARN_UNINITIALIZED_AUTOS = YES_AGGRESSIVE;
				GCC_WARN_UNUSED_FUNCTION = YES;
				GCC_WARN_UNUSED_VARIABLE = YES;
				IPHONEOS_DEPLOYMENT_TARGET = 8.4;
				MTL_ENABLE_DEBUG_INFO = NO;
				SDKROOT = iphoneos;
				VALIDATE_PRODUCT = YES;
			};
			name = Release;
		};
		DD0F0D381B81BCB100E9FDBA /* Debug */ = {
			isa = XCBuildConfiguration;
			buildSettings = {
				ASSETCATALOG_COMPILER_APPICON_NAME = AppIcon;
				FRAMEWORK_SEARCH_PATHS = (
					"$(inherited)",
					"$(PROJECT_DIR)/iOS_OpenSDK_2.9.0.91_all",
				);
				INFOPLIST_FILE = RSShareSDK/Info.plist;
				IPHONEOS_DEPLOYMENT_TARGET = 7.0;
				LD_RUNPATH_SEARCH_PATHS = "$(inherited) @executable_path/Frameworks";
				LIBRARY_SEARCH_PATHS = (
					"$(inherited)",
					"$(PROJECT_DIR)/WeChatSDK_1.5",
					"$(PROJECT_DIR)/libWeiboSDK",
				);
				OTHER_LDFLAGS = (
					"-Objc",
					"-all_load",
				);
				PRODUCT_NAME = "$(TARGET_NAME)";
			};
			name = Debug;
		};
		DD0F0D391B81BCB100E9FDBA /* Release */ = {
			isa = XCBuildConfiguration;
			buildSettings = {
				ASSETCATALOG_COMPILER_APPICON_NAME = AppIcon;
				FRAMEWORK_SEARCH_PATHS = (
					"$(inherited)",
					"$(PROJECT_DIR)/iOS_OpenSDK_2.9.0.91_all",
				);
				INFOPLIST_FILE = RSShareSDK/Info.plist;
				IPHONEOS_DEPLOYMENT_TARGET = 7.0;
				LD_RUNPATH_SEARCH_PATHS = "$(inherited) @executable_path/Frameworks";
				LIBRARY_SEARCH_PATHS = (
					"$(inherited)",
					"$(PROJECT_DIR)/WeChatSDK_1.5",
					"$(PROJECT_DIR)/libWeiboSDK",
				);
				OTHER_LDFLAGS = (
					"-Objc",
					"-all_load",
				);
				PRODUCT_NAME = "$(TARGET_NAME)";
			};
			name = Release;
		};
		DD0F0D3B1B81BCB100E9FDBA /* Debug */ = {
			isa = XCBuildConfiguration;
			buildSettings = {
				BUNDLE_LOADER = "$(TEST_HOST)";
				FRAMEWORK_SEARCH_PATHS = (
					"$(SDKROOT)/Developer/Library/Frameworks",
					"$(inherited)",
				);
				GCC_PREPROCESSOR_DEFINITIONS = (
					"DEBUG=1",
					"$(inherited)",
				);
				INFOPLIST_FILE = RSShareSDKTests/Info.plist;
				LD_RUNPATH_SEARCH_PATHS = "$(inherited) @executable_path/Frameworks @loader_path/Frameworks";
				PRODUCT_NAME = "$(TARGET_NAME)";
				TEST_HOST = "$(BUILT_PRODUCTS_DIR)/RSShareSDK.app/RSShareSDK";
			};
			name = Debug;
		};
		DD0F0D3C1B81BCB100E9FDBA /* Release */ = {
			isa = XCBuildConfiguration;
			buildSettings = {
				BUNDLE_LOADER = "$(TEST_HOST)";
				FRAMEWORK_SEARCH_PATHS = (
					"$(SDKROOT)/Developer/Library/Frameworks",
					"$(inherited)",
				);
				INFOPLIST_FILE = RSShareSDKTests/Info.plist;
				LD_RUNPATH_SEARCH_PATHS = "$(inherited) @executable_path/Frameworks @loader_path/Frameworks";
				PRODUCT_NAME = "$(TARGET_NAME)";
				TEST_HOST = "$(BUILT_PRODUCTS_DIR)/RSShareSDK.app/RSShareSDK";
			};
			name = Release;
		};
/* End XCBuildConfiguration section */

/* Begin XCConfigurationList section */
		DD0F0D0F1B81BCB000E9FDBA /* Build configuration list for PBXProject "RSShareSDK" */ = {
			isa = XCConfigurationList;
			buildConfigurations = (
				DD0F0D351B81BCB100E9FDBA /* Debug */,
				DD0F0D361B81BCB100E9FDBA /* Release */,
			);
			defaultConfigurationIsVisible = 0;
			defaultConfigurationName = Release;
		};
		DD0F0D371B81BCB100E9FDBA /* Build configuration list for PBXNativeTarget "RSShareSDK" */ = {
			isa = XCConfigurationList;
			buildConfigurations = (
				DD0F0D381B81BCB100E9FDBA /* Debug */,
				DD0F0D391B81BCB100E9FDBA /* Release */,
			);
			defaultConfigurationIsVisible = 0;
			defaultConfigurationName = Release;
		};
		DD0F0D3A1B81BCB100E9FDBA /* Build configuration list for PBXNativeTarget "RSShareSDKTests" */ = {
			isa = XCConfigurationList;
			buildConfigurations = (
				DD0F0D3B1B81BCB100E9FDBA /* Debug */,
				DD0F0D3C1B81BCB100E9FDBA /* Release */,
			);
			defaultConfigurationIsVisible = 0;
			defaultConfigurationName = Release;
		};
/* End XCConfigurationList section */
	};
	rootObject = DD0F0D0C1B81BCB000E9FDBA /* Project object */;
}
